// !$*UTF8*$!
{
	archiveVersion = 1;
	classes = {
	};
	objectVersion = 50;
	objects = {

/* Begin PBXBuildFile section */
		55C984EA228744E20087B04C /* AppDelegate.swift in Sources */ = {isa = PBXBuildFile; fileRef = 55C984E9228744E20087B04C /* AppDelegate.swift */; };
		55C984EC228744E20087B04C /* ViewController.swift in Sources */ = {isa = PBXBuildFile; fileRef = 55C984EB228744E20087B04C /* ViewController.swift */; };
		55C984EF228744E20087B04C /* Main.storyboard in Resources */ = {isa = PBXBuildFile; fileRef = 55C984ED228744E20087B04C /* Main.storyboard */; };
		55C984F1228744E30087B04C /* Assets.xcassets in Resources */ = {isa = PBXBuildFile; fileRef = 55C984F0228744E30087B04C /* Assets.xcassets */; };
		55C984F4228744E30087B04C /* LaunchScreen.storyboard in Resources */ = {isa = PBXBuildFile; fileRef = 55C984F2228744E30087B04C /* LaunchScreen.storyboard */; };
		55C984FF228744E30087B04C /* AppTwoTests.swift in Sources */ = {isa = PBXBuildFile; fileRef = 55C984FE228744E30087B04C /* AppTwoTests.swift */; };
		55C98515228746580087B04C /* SnapKit.framework in Frameworks */ = {isa = PBXBuildFile; fileRef = 55C98514228746570087B04C /* SnapKit.framework */; };
		55C986FE2287480B0087B04C /* SnapKit.framework in Frameworks */ = {isa = PBXBuildFile; fileRef = 55C98514228746570087B04C /* SnapKit.framework */; };
		55C987002287481C0087B04C /* SnapKit.framework in Copy Frameworks */ = {isa = PBXBuildFile; fileRef = 55C98514228746570087B04C /* SnapKit.framework */; settings = {ATTRIBUTES = (RemoveHeadersOnCopy, ); }; };
/* End PBXBuildFile section */

/* Begin PBXContainerItemProxy section */
		55C984FB228744E30087B04C /* PBXContainerItemProxy */ = {
			isa = PBXContainerItemProxy;
			containerPortal = 55C984DE228744E20087B04C /* Project object */;
			proxyType = 1;
			remoteGlobalIDString = 55C984E5228744E20087B04C;
			remoteInfo = AppTwo;
		};
/* End PBXContainerItemProxy section */

/* Begin PBXCopyFilesBuildPhase section */
		55C986FF2287480F0087B04C /* Copy Frameworks */ = {
			isa = PBXCopyFilesBuildPhase;
			buildActionMask = 2147483647;
			dstPath = "";
			dstSubfolderSpec = 10;
			files = (
				55C987002287481C0087B04C /* SnapKit.framework in Copy Frameworks */,
			);
			name = "Copy Frameworks";
			runOnlyForDeploymentPostprocessing = 0;
		};
/* End PBXCopyFilesBuildPhase section */

/* Begin PBXFileReference section */
		55C984E6228744E20087B04C /* AppTwo.app */ = {isa = PBXFileReference; explicitFileType = wrapper.application; includeInIndex = 0; path = AppTwo.app; sourceTree = BUILT_PRODUCTS_DIR; };
		55C984E9228744E20087B04C /* AppDelegate.swift */ = {isa = PBXFileReference; lastKnownFileType = sourcecode.swift; path = AppDelegate.swift; sourceTree = "<group>"; };
		55C984EB228744E20087B04C /* ViewController.swift */ = {isa = PBXFileReference; lastKnownFileType = sourcecode.swift; path = ViewController.swift; sourceTree = "<group>"; };
		55C984EE228744E20087B04C /* Base */ = {isa = PBXFileReference; lastKnownFileType = file.storyboard; name = Base; path = Base.lproj/Main.storyboard; sourceTree = "<group>"; };
		55C984F0228744E30087B04C /* Assets.xcassets */ = {isa = PBXFileReference; lastKnownFileType = folder.assetcatalog; path = Assets.xcassets; sourceTree = "<group>"; };
		55C984F3228744E30087B04C /* Base */ = {isa = PBXFileReference; lastKnownFileType = file.storyboard; name = Base; path = Base.lproj/LaunchScreen.storyboard; sourceTree = "<group>"; };
		55C984F5228744E30087B04C /* Info.plist */ = {isa = PBXFileReference; lastKnownFileType = text.plist.xml; path = Info.plist; sourceTree = "<group>"; };
		55C984FA228744E30087B04C /* AppTwoTests.xctest */ = {isa = PBXFileReference; explicitFileType = wrapper.cfbundle; includeInIndex = 0; path = AppTwoTests.xctest; sourceTree = BUILT_PRODUCTS_DIR; };
		55C984FE228744E30087B04C /* AppTwoTests.swift */ = {isa = PBXFileReference; lastKnownFileType = sourcecode.swift; path = AppTwoTests.swift; sourceTree = "<group>"; };
		55C98500228744E30087B04C /* Info.plist */ = {isa = PBXFileReference; lastKnownFileType = text.plist.xml; path = Info.plist; sourceTree = "<group>"; };
		55C98514228746570087B04C /* SnapKit.framework */ = {isa = PBXFileReference; lastKnownFileType = wrapper.framework; name = SnapKit.framework; path = ../../Carthage/Carthage/Build/iOS/SnapKit.framework; sourceTree = "<group>"; };
/* End PBXFileReference section */

/* Begin PBXFrameworksBuildPhase section */
		55C984E3228744E20087B04C /* Frameworks */ = {
			isa = PBXFrameworksBuildPhase;
			buildActionMask = 2147483647;
			files = (
				55C98515228746580087B04C /* SnapKit.framework in Frameworks */,
			);
			runOnlyForDeploymentPostprocessing = 0;
		};
		55C984F7228744E30087B04C /* Frameworks */ = {
			isa = PBXFrameworksBuildPhase;
			buildActionMask = 2147483647;
			files = (
				55C986FE2287480B0087B04C /* SnapKit.framework in Frameworks */,
			);
			runOnlyForDeploymentPostprocessing = 0;
		};
/* End PBXFrameworksBuildPhase section */

/* Begin PBXGroup section */
		55C984DD228744E20087B04C = {
			isa = PBXGroup;
			children = (
				55C984E8228744E20087B04C /* AppTwo */,
				55C984FD228744E30087B04C /* AppTwoTests */,
				55C984E7228744E20087B04C /* Products */,
				55C98513228746570087B04C /* Frameworks */,
			);
			sourceTree = "<group>";
		};
		55C984E7228744E20087B04C /* Products */ = {
			isa = PBXGroup;
			children = (
				55C984E6228744E20087B04C /* AppTwo.app */,
				55C984FA228744E30087B04C /* AppTwoTests.xctest */,
			);
			name = Products;
			sourceTree = "<group>";
		};
		55C984E8228744E20087B04C /* AppTwo */ = {
			isa = PBXGroup;
			children = (
				55C984E9228744E20087B04C /* AppDelegate.swift */,
				55C984EB228744E20087B04C /* ViewController.swift */,
				55C984ED228744E20087B04C /* Main.storyboard */,
				55C984F0228744E30087B04C /* Assets.xcassets */,
				55C984F2228744E30087B04C /* LaunchScreen.storyboard */,
				55C984F5228744E30087B04C /* Info.plist */,
			);
			path = AppTwo;
			sourceTree = "<group>";
		};
		55C984FD228744E30087B04C /* AppTwoTests */ = {
			isa = PBXGroup;
			children = (
				55C984FE228744E30087B04C /* AppTwoTests.swift */,
				55C98500228744E30087B04C /* Info.plist */,
			);
			path = AppTwoTests;
			sourceTree = "<group>";
		};
		55C98513228746570087B04C /* Frameworks */ = {
			isa = PBXGroup;
			children = (
				55C98514228746570087B04C /* SnapKit.framework */,
			);
			name = Frameworks;
			sourceTree = "<group>";
		};
/* End PBXGroup section */

/* Begin PBXNativeTarget section */
		55C984E5228744E20087B04C /* AppTwo */ = {
			isa = PBXNativeTarget;
			buildConfigurationList = 55C98503228744E30087B04C /* Build configuration list for PBXNativeTarget "AppTwo" */;
			buildPhases = (
				55C984E2228744E20087B04C /* Sources */,
				55C984E3228744E20087B04C /* Frameworks */,
				55C984E4228744E20087B04C /* Resources */,
				55C986FD228747290087B04C /* Carthage */,
			);
			buildRules = (
			);
			dependencies = (
			);
			name = AppTwo;
			productName = AppTwo;
			productReference = 55C984E6228744E20087B04C /* AppTwo.app */;
			productType = "com.apple.product-type.application";
		};
		55C984F9228744E30087B04C /* AppTwoTests */ = {
			isa = PBXNativeTarget;
			buildConfigurationList = 55C98506228744E30087B04C /* Build configuration list for PBXNativeTarget "AppTwoTests" */;
			buildPhases = (
				55C984F6228744E30087B04C /* Sources */,
				55C984F7228744E30087B04C /* Frameworks */,
				55C984F8228744E30087B04C /* Resources */,
				55C986FF2287480F0087B04C /* Copy Frameworks */,
			);
			buildRules = (
			);
			dependencies = (
				55C984FC228744E30087B04C /* PBXTargetDependency */,
			);
			name = AppTwoTests;
			productName = AppTwoTests;
			productReference = 55C984FA228744E30087B04C /* AppTwoTests.xctest */;
			productType = "com.apple.product-type.bundle.unit-test";
		};
/* End PBXNativeTarget section */

/* Begin PBXProject section */
		55C984DE228744E20087B04C /* Project object */ = {
			isa = PBXProject;
			attributes = {
				LastSwiftUpdateCheck = 1010;
				LastUpgradeCheck = 1010;
				ORGANIZATIONNAME = "Anton Schukin";
				TargetAttributes = {
					55C984E5228744E20087B04C = {
						CreatedOnToolsVersion = 10.1;
					};
					55C984F9228744E30087B04C = {
						CreatedOnToolsVersion = 10.1;
						TestTargetID = 55C984E5228744E20087B04C;
					};
				};
			};
			buildConfigurationList = 55C984E1228744E20087B04C /* Build configuration list for PBXProject "AppTwo" */;
			compatibilityVersion = "Xcode 9.3";
			developmentRegion = en;
			hasScannedForEncodings = 0;
			knownRegions = (
				en,
				Base,
			);
			mainGroup = 55C984DD228744E20087B04C;
			productRefGroup = 55C984E7228744E20087B04C /* Products */;
			projectDirPath = "";
			projectRoot = "";
			targets = (
				55C984E5228744E20087B04C /* AppTwo */,
				55C984F9228744E30087B04C /* AppTwoTests */,
			);
		};
/* End PBXProject section */

/* Begin PBXResourcesBuildPhase section */
		55C984E4228744E20087B04C /* Resources */ = {
			isa = PBXResourcesBuildPhase;
			buildActionMask = 2147483647;
			files = (
				55C984F4228744E30087B04C /* LaunchScreen.storyboard in Resources */,
				55C984F1228744E30087B04C /* Assets.xcassets in Resources */,
				55C984EF228744E20087B04C /* Main.storyboard in Resources */,
			);
			runOnlyForDeploymentPostprocessing = 0;
		};
		55C984F8228744E30087B04C /* Resources */ = {
			isa = PBXResourcesBuildPhase;
			buildActionMask = 2147483647;
			files = (
			);
			runOnlyForDeploymentPostprocessing = 0;
		};
/* End PBXResourcesBuildPhase section */

/* Begin PBXShellScriptBuildPhase section */
		55C986FD228747290087B04C /* Carthage */ = {
			isa = PBXShellScriptBuildPhase;
			buildActionMask = 2147483647;
			files = (
			);
			inputFileListPaths = (
			);
			inputPaths = (
				"$(SRCROOT)/../../Carthage/Carthage/Build/iOS/SnapKit.framework",
			);
			name = Carthage;
			outputFileListPaths = (
			);
			outputPaths = (
				"$(BUILT_PRODUCTS_DIR)/$(FRAMEWORKS_FOLDER_PATH)/SnapKit.framework",
			);
			runOnlyForDeploymentPostprocessing = 0;
			shellPath = /bin/sh;
			shellScript = "/usr/local/bin/carthage copy-frameworks\n";
		};
/* End PBXShellScriptBuildPhase section */

/* Begin PBXSourcesBuildPhase section */
		55C984E2228744E20087B04C /* Sources */ = {
			isa = PBXSourcesBuildPhase;
			buildActionMask = 2147483647;
			files = (
				55C984EC228744E20087B04C /* ViewController.swift in Sources */,
				55C984EA228744E20087B04C /* AppDelegate.swift in Sources */,
			);
			runOnlyForDeploymentPostprocessing = 0;
		};
		55C984F6228744E30087B04C /* Sources */ = {
			isa = PBXSourcesBuildPhase;
			buildActionMask = 2147483647;
			files = (
				55C984FF228744E30087B04C /* AppTwoTests.swift in Sources */,
			);
			runOnlyForDeploymentPostprocessing = 0;
		};
/* End PBXSourcesBuildPhase section */

/* Begin PBXTargetDependency section */
		55C984FC228744E30087B04C /* PBXTargetDependency */ = {
			isa = PBXTargetDependency;
			target = 55C984E5228744E20087B04C /* AppTwo */;
			targetProxy = 55C984FB228744E30087B04C /* PBXContainerItemProxy */;
		};
/* End PBXTargetDependency section */

/* Begin PBXVariantGroup section */
		55C984ED228744E20087B04C /* Main.storyboard */ = {
			isa = PBXVariantGroup;
			children = (
				55C984EE228744E20087B04C /* Base */,
			);
			name = Main.storyboard;
			sourceTree = "<group>";
		};
		55C984F2228744E30087B04C /* LaunchScreen.storyboard */ = {
			isa = PBXVariantGroup;
			children = (
				55C984F3228744E30087B04C /* Base */,
			);
			name = LaunchScreen.storyboard;
			sourceTree = "<group>";
		};
/* End PBXVariantGroup section */

/* Begin XCBuildConfiguration section */
		55C98501228744E30087B04C /* Debug */ = {
			isa = XCBuildConfiguration;
			buildSettings = {
				ALWAYS_SEARCH_USER_PATHS = NO;
				CLANG_ANALYZER_NONNULL = YES;
				CLANG_ANALYZER_NUMBER_OBJECT_CONVERSION = YES_AGGRESSIVE;
				CLANG_CXX_LANGUAGE_STANDARD = "gnu++14";
				CLANG_CXX_LIBRARY = "libc++";
				CLANG_ENABLE_MODULES = YES;
				CLANG_ENABLE_OBJC_ARC = YES;
				CLANG_ENABLE_OBJC_WEAK = YES;
				CLANG_WARN_BLOCK_CAPTURE_AUTORELEASING = YES;
				CLANG_WARN_BOOL_CONVERSION = YES;
				CLANG_WARN_COMMA = YES;
				CLANG_WARN_CONSTANT_CONVERSION = YES;
				CLANG_WARN_DEPRECATED_OBJC_IMPLEMENTATIONS = YES;
				CLANG_WARN_DIRECT_OBJC_ISA_USAGE = YES_ERROR;
				CLANG_WARN_DOCUMENTATION_COMMENTS = YES;
				CLANG_WARN_EMPTY_BODY = YES;
				CLANG_WARN_ENUM_CONVERSION = YES;
				CLANG_WARN_INFINITE_RECURSION = YES;
				CLANG_WARN_INT_CONVERSION = YES;
				CLANG_WARN_NON_LITERAL_NULL_CONVERSION = YES;
				CLANG_WARN_OBJC_IMPLICIT_RETAIN_SELF = YES;
				CLANG_WARN_OBJC_LITERAL_CONVERSION = YES;
				CLANG_WARN_OBJC_ROOT_CLASS = YES_ERROR;
				CLANG_WARN_RANGE_LOOP_ANALYSIS = YES;
				CLANG_WARN_STRICT_PROTOTYPES = YES;
				CLANG_WARN_SUSPICIOUS_MOVE = YES;
				CLANG_WARN_UNGUARDED_AVAILABILITY = YES_AGGRESSIVE;
				CLANG_WARN_UNREACHABLE_CODE = YES;
				CLANG_WARN__DUPLICATE_METHOD_MATCH = YES;
				CODE_SIGN_IDENTITY = "iPhone Developer";
				COPY_PHASE_STRIP = NO;
				DEBUG_INFORMATION_FORMAT = dwarf;
				ENABLE_STRICT_OBJC_MSGSEND = YES;
				ENABLE_TESTABILITY = YES;
				GCC_C_LANGUAGE_STANDARD = gnu11;
				GCC_DYNAMIC_NO_PIC = NO;
				GCC_NO_COMMON_BLOCKS = YES;
				GCC_OPTIMIZATION_LEVEL = 0;
				GCC_PREPROCESSOR_DEFINITIONS = (
					"DEBUG=1",
					"$(inherited)",
				);
				GCC_WARN_64_TO_32_BIT_CONVERSION = YES;
				GCC_WARN_ABOUT_RETURN_TYPE = YES_ERROR;
				GCC_WARN_UNDECLARED_SELECTOR = YES;
				GCC_WARN_UNINITIALIZED_AUTOS = YES_AGGRESSIVE;
				GCC_WARN_UNUSED_FUNCTION = YES;
				GCC_WARN_UNUSED_VARIABLE = YES;
				IPHONEOS_DEPLOYMENT_TARGET = 12.1;
				MTL_ENABLE_DEBUG_INFO = INCLUDE_SOURCE;
				MTL_FAST_MATH = YES;
				ONLY_ACTIVE_ARCH = YES;
				SDKROOT = iphoneos;
				SWIFT_ACTIVE_COMPILATION_CONDITIONS = DEBUG;
				SWIFT_OPTIMIZATION_LEVEL = "-Onone";
			};
			name = Debug;
		};
		55C98502228744E30087B04C /* Release */ = {
			isa = XCBuildConfiguration;
			buildSettings = {
				ALWAYS_SEARCH_USER_PATHS = NO;
				CLANG_ANALYZER_NONNULL = YES;
				CLANG_ANALYZER_NUMBER_OBJECT_CONVERSION = YES_AGGRESSIVE;
				CLANG_CXX_LANGUAGE_STANDARD = "gnu++14";
				CLANG_CXX_LIBRARY = "libc++";
				CLANG_ENABLE_MODULES = YES;
				CLANG_ENABLE_OBJC_ARC = YES;
				CLANG_ENABLE_OBJC_WEAK = YES;
				CLANG_WARN_BLOCK_CAPTURE_AUTORELEASING = YES;
				CLANG_WARN_BOOL_CONVERSION = YES;
				CLANG_WARN_COMMA = YES;
				CLANG_WARN_CONSTANT_CONVERSION = YES;
				CLANG_WARN_DEPRECATED_OBJC_IMPLEMENTATIONS = YES;
				CLANG_WARN_DIRECT_OBJC_ISA_USAGE = YES_ERROR;
				CLANG_WARN_DOCUMENTATION_COMMENTS = YES;
				CLANG_WARN_EMPTY_BODY = YES;
				CLANG_WARN_ENUM_CONVERSION = YES;
				CLANG_WARN_INFINITE_RECURSION = YES;
				CLANG_WARN_INT_CONVERSION = YES;
				CLANG_WARN_NON_LITERAL_NULL_CONVERSION = YES;
				CLANG_WARN_OBJC_IMPLICIT_RETAIN_SELF = YES;
				CLANG_WARN_OBJC_LITERAL_CONVERSION = YES;
				CLANG_WARN_OBJC_ROOT_CLASS = YES_ERROR;
				CLANG_WARN_RANGE_LOOP_ANALYSIS = YES;
				CLANG_WARN_STRICT_PROTOTYPES = YES;
				CLANG_WARN_SUSPICIOUS_MOVE = YES;
				CLANG_WARN_UNGUARDED_AVAILABILITY = YES_AGGRESSIVE;
				CLANG_WARN_UNREACHABLE_CODE = YES;
				CLANG_WARN__DUPLICATE_METHOD_MATCH = YES;
				CODE_SIGN_IDENTITY = "iPhone Developer";
				COPY_PHASE_STRIP = NO;
				DEBUG_INFORMATION_FORMAT = "dwarf-with-dsym";
				ENABLE_NS_ASSERTIONS = NO;
				ENABLE_STRICT_OBJC_MSGSEND = YES;
				GCC_C_LANGUAGE_STANDARD = gnu11;
				GCC_NO_COMMON_BLOCKS = YES;
				GCC_WARN_64_TO_32_BIT_CONVERSION = YES;
				GCC_WARN_ABOUT_RETURN_TYPE = YES_ERROR;
				GCC_WARN_UNDECLARED_SELECTOR = YES;
				GCC_WARN_UNINITIALIZED_AUTOS = YES_AGGRESSIVE;
				GCC_WARN_UNUSED_FUNCTION = YES;
				GCC_WARN_UNUSED_VARIABLE = YES;
				IPHONEOS_DEPLOYMENT_TARGET = 12.1;
				MTL_ENABLE_DEBUG_INFO = NO;
				MTL_FAST_MATH = YES;
				SDKROOT = iphoneos;
				SWIFT_COMPILATION_MODE = wholemodule;
				SWIFT_OPTIMIZATION_LEVEL = "-O";
				VALIDATE_PRODUCT = YES;
			};
			name = Release;
		};
		55C98504228744E30087B04C /* Debug */ = {
			isa = XCBuildConfiguration;
			buildSettings = {
				ASSETCATALOG_COMPILER_APPICON_NAME = AppIcon;
				CODE_SIGN_STYLE = Automatic;
				FRAMEWORK_SEARCH_PATHS = "\"$(PROJECT_DIR)/../../Carthage/Carthage/Build/iOS/\"";
				INFOPLIST_FILE = AppTwo/Info.plist;
				LD_RUNPATH_SEARCH_PATHS = (
					"$(inherited)",
					"@executable_path/Frameworks",
				);
				PRODUCT_BUNDLE_IDENTIFIER = com.schukin.AppTwo;
				PRODUCT_NAME = "$(TARGET_NAME)";
				SWIFT_VERSION = 4.2;
				TARGETED_DEVICE_FAMILY = "1,2";
			};
			name = Debug;
		};
		55C98505228744E30087B04C /* Release */ = {
			isa = XCBuildConfiguration;
			buildSettings = {
				ASSETCATALOG_COMPILER_APPICON_NAME = AppIcon;
				CODE_SIGN_STYLE = Automatic;
				FRAMEWORK_SEARCH_PATHS = "\"$(PROJECT_DIR)/../../Carthage/Carthage/Build/iOS/\"";
				INFOPLIST_FILE = AppTwo/Info.plist;
				LD_RUNPATH_SEARCH_PATHS = (
					"$(inherited)",
					"@executable_path/Frameworks",
				);
				PRODUCT_BUNDLE_IDENTIFIER = com.schukin.AppTwo;
				PRODUCT_NAME = "$(TARGET_NAME)";
				SWIFT_VERSION = 4.2;
				TARGETED_DEVICE_FAMILY = "1,2";
			};
			name = Release;
		};
		55C98507228744E30087B04C /* Debug */ = {
			isa = XCBuildConfiguration;
			buildSettings = {
				ALWAYS_EMBED_SWIFT_STANDARD_LIBRARIES = YES;
				BUNDLE_LOADER = "$(TEST_HOST)";
				CODE_SIGN_STYLE = Automatic;
				FRAMEWORK_SEARCH_PATHS = "\"$(PROJECT_DIR)/../../Carthage/Carthage/Build/iOS/\"";
				INFOPLIST_FILE = AppTwoTests/Info.plist;
				LD_RUNPATH_SEARCH_PATHS = (
					"$(inherited)",
					"@executable_path/Frameworks",
					"@loader_path/Frameworks",
				);
				PRODUCT_BUNDLE_IDENTIFIER = com.schukin.AppTwoTests;
				PRODUCT_NAME = "$(TARGET_NAME)";
				SWIFT_VERSION = 4.2;
				TARGETED_DEVICE_FAMILY = "1,2";
				TEST_HOST = "$(BUILT_PRODUCTS_DIR)/AppTwo.app/AppTwo";
			};
			name = Debug;
		};
		55C98508228744E30087B04C /* Release */ = {
			isa = XCBuildConfiguration;
			buildSettings = {
				ALWAYS_EMBED_SWIFT_STANDARD_LIBRARIES = YES;
				BUNDLE_LOADER = "$(TEST_HOST)";
				CODE_SIGN_STYLE = Automatic;
				FRAMEWORK_SEARCH_PATHS = "\"$(PROJECT_DIR)/../../Carthage/Carthage/Build/iOS/\"";
				INFOPLIST_FILE = AppTwoTests/Info.plist;
				LD_RUNPATH_SEARCH_PATHS = (
					"$(inherited)",
					"@executable_path/Frameworks",
					"@loader_path/Frameworks",
				);
				PRODUCT_BUNDLE_IDENTIFIER = com.schukin.AppTwoTests;
				PRODUCT_NAME = "$(TARGET_NAME)";
				SWIFT_VERSION = 4.2;
				TARGETED_DEVICE_FAMILY = "1,2";
				TEST_HOST = "$(BUILT_PRODUCTS_DIR)/AppTwo.app/AppTwo";
			};
			name = Release;
		};
/* End XCBuildConfiguration section */

/* Begin XCConfigurationList section */
		55C984E1228744E20087B04C /* Build configuration list for PBXProject "AppTwo" */ = {
			isa = XCConfigurationList;
			buildConfigurations = (
				55C98501228744E30087B04C /* Debug */,
				55C98502228744E30087B04C /* Release */,
			);
			defaultConfigurationIsVisible = 0;
			defaultConfigurationName = Release;
		};
		55C98503228744E30087B04C /* Build configuration list for PBXNativeTarget "AppTwo" */ = {
			isa = XCConfigurationList;
			buildConfigurations = (
				55C98504228744E30087B04C /* Debug */,
				55C98505228744E30087B04C /* Release */,
			);
			defaultConfigurationIsVisible = 0;
			defaultConfigurationName = Release;
		};
		55C98506228744E30087B04C /* Build configuration list for PBXNativeTarget "AppTwoTests" */ = {
			isa = XCConfigurationList;
			buildConfigurations = (
				55C98507228744E30087B04C /* Debug */,
				55C98508228744E30087B04C /* Release */,
			);
			defaultConfigurationIsVisible = 0;
			defaultConfigurationName = Release;
		};
/* End XCConfigurationList section */
	};
	rootObject = 55C984DE228744E20087B04C /* Project object */;
}
